// !$*UTF8*$!
{
	archiveVersion = 1;
	classes = {
	};
	objectVersion = 46;
	objects = {

/* Begin PBXBuildFile section */
		433A9C0E1BECF169009A3919 /* SequenceType+Join.swift in Sources */ = {isa = PBXBuildFile; fileRef = 433A9C0D1BECF169009A3919 /* SequenceType+Join.swift */; };
		433A9C0F1BECF169009A3919 /* SequenceType+Join.swift in Sources */ = {isa = PBXBuildFile; fileRef = 433A9C0D1BECF169009A3919 /* SequenceType+Join.swift */; };
		434DBBC81BEC39FA00C11F09 /* NSUnderlineStyle+Attributes.swift in Sources */ = {isa = PBXBuildFile; fileRef = 434DBBC71BEC39FA00C11F09 /* NSUnderlineStyle+Attributes.swift */; };
		434DBBCA1BEC3AD000C11F09 /* NSShadow+Attributes.swift in Sources */ = {isa = PBXBuildFile; fileRef = 434DBBC91BEC3AD000C11F09 /* NSShadow+Attributes.swift */; };
		434DBBCB1BEC3AD000C11F09 /* NSShadow+Attributes.swift in Sources */ = {isa = PBXBuildFile; fileRef = 434DBBC91BEC3AD000C11F09 /* NSShadow+Attributes.swift */; };
		434DBBCC1BEC3AD400C11F09 /* NSUnderlineStyle+Attributes.swift in Sources */ = {isa = PBXBuildFile; fileRef = 434DBBC71BEC39FA00C11F09 /* NSUnderlineStyle+Attributes.swift */; };
		43C752311BEA525100F928E5 /* ColorType+Attributes.swift in Sources */ = {isa = PBXBuildFile; fileRef = 43C752301BEA525100F928E5 /* ColorType+Attributes.swift */; };
		43C752321BEA525100F928E5 /* ColorType+Attributes.swift in Sources */ = {isa = PBXBuildFile; fileRef = 43C752301BEA525100F928E5 /* ColorType+Attributes.swift */; };
		43C752371BEA5F0A00F928E5 /* FontType+Attributes.swift in Sources */ = {isa = PBXBuildFile; fileRef = 43C752361BEA5F0A00F928E5 /* FontType+Attributes.swift */; };
		43C752381BEA5F0A00F928E5 /* FontType+Attributes.swift in Sources */ = {isa = PBXBuildFile; fileRef = 43C752361BEA5F0A00F928E5 /* FontType+Attributes.swift */; };
		43C7523A1BEA601900F928E5 /* NSTextAttachment+Attributes.swift in Sources */ = {isa = PBXBuildFile; fileRef = 43C752391BEA601900F928E5 /* NSTextAttachment+Attributes.swift */; };
		43C7523B1BEA601900F928E5 /* NSTextAttachment+Attributes.swift in Sources */ = {isa = PBXBuildFile; fileRef = 43C752391BEA601900F928E5 /* NSTextAttachment+Attributes.swift */; };
		43C7523D1BEA610A00F928E5 /* NSParagraphStyle+Attributes.swift in Sources */ = {isa = PBXBuildFile; fileRef = 43C7523C1BEA610A00F928E5 /* NSParagraphStyle+Attributes.swift */; };
		43C7523E1BEA610A00F928E5 /* NSParagraphStyle+Attributes.swift in Sources */ = {isa = PBXBuildFile; fileRef = 43C7523C1BEA610A00F928E5 /* NSParagraphStyle+Attributes.swift */; };
		43C752401BEA61B000F928E5 /* Ligature+Attributes.swift in Sources */ = {isa = PBXBuildFile; fileRef = 43C7523F1BEA61B000F928E5 /* Ligature+Attributes.swift */; };
		43C752411BEA61B000F928E5 /* Ligature+Attributes.swift in Sources */ = {isa = PBXBuildFile; fileRef = 43C7523F1BEA61B000F928E5 /* Ligature+Attributes.swift */; };
		43C752431BEA699300F928E5 /* NSNumberConvertible.swift in Sources */ = {isa = PBXBuildFile; fileRef = 43C752421BEA699300F928E5 /* NSNumberConvertible.swift */; };
		43C752441BEA699300F928E5 /* NSNumberConvertible.swift in Sources */ = {isa = PBXBuildFile; fileRef = 43C752421BEA699300F928E5 /* NSNumberConvertible.swift */; };
		43C752461BEA6B1400F928E5 /* NSNumberConvertible+Attributes.swift in Sources */ = {isa = PBXBuildFile; fileRef = 43C752451BEA6B1400F928E5 /* NSNumberConvertible+Attributes.swift */; };
		43C752471BEA6B1400F928E5 /* NSNumberConvertible+Attributes.swift in Sources */ = {isa = PBXBuildFile; fileRef = 43C752451BEA6B1400F928E5 /* NSNumberConvertible+Attributes.swift */; };
		43C993CC1BE3B9C700CF90DD /* Attributed.h in Headers */ = {isa = PBXBuildFile; fileRef = 43C993CB1BE3B9C700CF90DD /* Attributed.h */; settings = {ATTRIBUTES = (Public, ); }; };
		43C993D31BE3B9C700CF90DD /* Attributed.framework in Frameworks */ = {isa = PBXBuildFile; fileRef = 43C993C81BE3B9C700CF90DD /* Attributed.framework */; };
		43C993D81BE3B9C700CF90DD /* AttributedTests.swift in Sources */ = {isa = PBXBuildFile; fileRef = 43C993D71BE3B9C700CF90DD /* AttributedTests.swift */; };
		43C993E31BE3BAA100CF90DD /* Functions.swift in Sources */ = {isa = PBXBuildFile; fileRef = 43C993E21BE3BAA100CF90DD /* Functions.swift */; };
		43C993E51BE3BAD300CF90DD /* NestedAttributedString.swift in Sources */ = {isa = PBXBuildFile; fileRef = 43C993E41BE3BAD300CF90DD /* NestedAttributedString.swift */; };
		43C993E71BE3BB0B00CF90DD /* AttributedStringConvertible.swift in Sources */ = {isa = PBXBuildFile; fileRef = 43C993E61BE3BB0A00CF90DD /* AttributedStringConvertible.swift */; };
		43C993E91BE3BDC000CF90DD /* PlatformTypes.swift in Sources */ = {isa = PBXBuildFile; fileRef = 43C993E81BE3BDC000CF90DD /* PlatformTypes.swift */; };
		43C993ED1BE3C2E800CF90DD /* Ligature.swift in Sources */ = {isa = PBXBuildFile; fileRef = 43C993EC1BE3C2E800CF90DD /* Ligature.swift */; };
		43C993F11BE3C9CE00CF90DD /* AttributedStringConvertibleTests.swift in Sources */ = {isa = PBXBuildFile; fileRef = 43C993F01BE3C9CE00CF90DD /* AttributedStringConvertibleTests.swift */; };
		43C994031BE3DDF900CF90DD /* Attributed.framework in Frameworks */ = {isa = PBXBuildFile; fileRef = 43C993F91BE3DDF800CF90DD /* Attributed.framework */; };
		43C994101BE3DE8900CF90DD /* Ligature.swift in Sources */ = {isa = PBXBuildFile; fileRef = 43C993EC1BE3C2E800CF90DD /* Ligature.swift */; };
		43C994111BE3DE8900CF90DD /* AttributedStringConvertible.swift in Sources */ = {isa = PBXBuildFile; fileRef = 43C993E61BE3BB0A00CF90DD /* AttributedStringConvertible.swift */; };
		43C994131BE3DE8900CF90DD /* Functions.swift in Sources */ = {isa = PBXBuildFile; fileRef = 43C993E21BE3BAA100CF90DD /* Functions.swift */; };
		43C994141BE3DE8900CF90DD /* NestedAttributedString.swift in Sources */ = {isa = PBXBuildFile; fileRef = 43C993E41BE3BAD300CF90DD /* NestedAttributedString.swift */; };
		43C994151BE3DE8900CF90DD /* PlatformTypes.swift in Sources */ = {isa = PBXBuildFile; fileRef = 43C993E81BE3BDC000CF90DD /* PlatformTypes.swift */; };
		43C994161BE3DE8E00CF90DD /* AttributedStringConvertibleTests.swift in Sources */ = {isa = PBXBuildFile; fileRef = 43C993F01BE3C9CE00CF90DD /* AttributedStringConvertibleTests.swift */; };
		43CDB1E41BE3FE6800440B11 /* AttributedTests.swift in Sources */ = {isa = PBXBuildFile; fileRef = 43C993D71BE3B9C700CF90DD /* AttributedTests.swift */; };
		43D5EA131BFF5FE200E48BD6 /* NSCursor+Attributes.swift in Sources */ = {isa = PBXBuildFile; fileRef = 43D5EA121BFF5FE200E48BD6 /* NSCursor+Attributes.swift */; };
		43D5EA151C0026A400E48BD6 /* String+Attributes.swift in Sources */ = {isa = PBXBuildFile; fileRef = 43D5EA141C0026A400E48BD6 /* String+Attributes.swift */; };
/* End PBXBuildFile section */

/* Begin PBXContainerItemProxy section */
		43C993D41BE3B9C700CF90DD /* PBXContainerItemProxy */ = {
			isa = PBXContainerItemProxy;
			containerPortal = 43C993BF1BE3B9C700CF90DD /* Project object */;
			proxyType = 1;
			remoteGlobalIDString = 43C993C71BE3B9C700CF90DD;
			remoteInfo = Attributed;
		};
		43C994041BE3DDF900CF90DD /* PBXContainerItemProxy */ = {
			isa = PBXContainerItemProxy;
			containerPortal = 43C993BF1BE3B9C700CF90DD /* Project object */;
			proxyType = 1;
			remoteGlobalIDString = 43C993F81BE3DDF800CF90DD;
			remoteInfo = Attributed;
		};
/* End PBXContainerItemProxy section */

/* Begin PBXFileReference section */
		433A9C0D1BECF169009A3919 /* SequenceType+Join.swift */ = {isa = PBXFileReference; fileEncoding = 4; lastKnownFileType = sourcecode.swift; path = "SequenceType+Join.swift"; sourceTree = "<group>"; };
		434DBBC71BEC39FA00C11F09 /* NSUnderlineStyle+Attributes.swift */ = {isa = PBXFileReference; fileEncoding = 4; lastKnownFileType = sourcecode.swift; path = "NSUnderlineStyle+Attributes.swift"; sourceTree = "<group>"; };
		434DBBC91BEC3AD000C11F09 /* NSShadow+Attributes.swift */ = {isa = PBXFileReference; fileEncoding = 4; lastKnownFileType = sourcecode.swift; path = "NSShadow+Attributes.swift"; sourceTree = "<group>"; };
		43C752301BEA525100F928E5 /* ColorType+Attributes.swift */ = {isa = PBXFileReference; fileEncoding = 4; lastKnownFileType = sourcecode.swift; path = "ColorType+Attributes.swift"; sourceTree = "<group>"; };
		43C752361BEA5F0A00F928E5 /* FontType+Attributes.swift */ = {isa = PBXFileReference; fileEncoding = 4; lastKnownFileType = sourcecode.swift; path = "FontType+Attributes.swift"; sourceTree = "<group>"; };
		43C752391BEA601900F928E5 /* NSTextAttachment+Attributes.swift */ = {isa = PBXFileReference; fileEncoding = 4; lastKnownFileType = sourcecode.swift; path = "NSTextAttachment+Attributes.swift"; sourceTree = "<group>"; };
		43C7523C1BEA610A00F928E5 /* NSParagraphStyle+Attributes.swift */ = {isa = PBXFileReference; fileEncoding = 4; lastKnownFileType = sourcecode.swift; path = "NSParagraphStyle+Attributes.swift"; sourceTree = "<group>"; };
		43C7523F1BEA61B000F928E5 /* Ligature+Attributes.swift */ = {isa = PBXFileReference; fileEncoding = 4; lastKnownFileType = sourcecode.swift; path = "Ligature+Attributes.swift"; sourceTree = "<group>"; };
		43C752421BEA699300F928E5 /* NSNumberConvertible.swift */ = {isa = PBXFileReference; fileEncoding = 4; lastKnownFileType = sourcecode.swift; path = NSNumberConvertible.swift; sourceTree = "<group>"; };
		43C752451BEA6B1400F928E5 /* NSNumberConvertible+Attributes.swift */ = {isa = PBXFileReference; fileEncoding = 4; lastKnownFileType = sourcecode.swift; path = "NSNumberConvertible+Attributes.swift"; sourceTree = "<group>"; };
		43C993C81BE3B9C700CF90DD /* Attributed.framework */ = {isa = PBXFileReference; explicitFileType = wrapper.framework; includeInIndex = 0; path = Attributed.framework; sourceTree = BUILT_PRODUCTS_DIR; };
		43C993CB1BE3B9C700CF90DD /* Attributed.h */ = {isa = PBXFileReference; lastKnownFileType = sourcecode.c.h; path = Attributed.h; sourceTree = "<group>"; };
		43C993CD1BE3B9C700CF90DD /* Info.plist */ = {isa = PBXFileReference; lastKnownFileType = text.plist.xml; path = Info.plist; sourceTree = "<group>"; };
		43C993D21BE3B9C700CF90DD /* Attributed-OSXTests.xctest */ = {isa = PBXFileReference; explicitFileType = wrapper.cfbundle; includeInIndex = 0; path = "Attributed-OSXTests.xctest"; sourceTree = BUILT_PRODUCTS_DIR; };
		43C993D71BE3B9C700CF90DD /* AttributedTests.swift */ = {isa = PBXFileReference; lastKnownFileType = sourcecode.swift; path = AttributedTests.swift; sourceTree = "<group>"; };
		43C993D91BE3B9C700CF90DD /* Info.plist */ = {isa = PBXFileReference; lastKnownFileType = text.plist.xml; path = Info.plist; sourceTree = "<group>"; };
		43C993E21BE3BAA100CF90DD /* Functions.swift */ = {isa = PBXFileReference; fileEncoding = 4; lastKnownFileType = sourcecode.swift; path = Functions.swift; sourceTree = "<group>"; };
		43C993E41BE3BAD300CF90DD /* NestedAttributedString.swift */ = {isa = PBXFileReference; fileEncoding = 4; lastKnownFileType = sourcecode.swift; path = NestedAttributedString.swift; sourceTree = "<group>"; };
		43C993E61BE3BB0A00CF90DD /* AttributedStringConvertible.swift */ = {isa = PBXFileReference; fileEncoding = 4; lastKnownFileType = sourcecode.swift; path = AttributedStringConvertible.swift; sourceTree = "<group>"; };
		43C993E81BE3BDC000CF90DD /* PlatformTypes.swift */ = {isa = PBXFileReference; fileEncoding = 4; lastKnownFileType = sourcecode.swift; path = PlatformTypes.swift; sourceTree = "<group>"; };
		43C993EC1BE3C2E800CF90DD /* Ligature.swift */ = {isa = PBXFileReference; fileEncoding = 4; lastKnownFileType = sourcecode.swift; path = Ligature.swift; sourceTree = "<group>"; };
		43C993F01BE3C9CE00CF90DD /* AttributedStringConvertibleTests.swift */ = {isa = PBXFileReference; fileEncoding = 4; lastKnownFileType = sourcecode.swift; path = AttributedStringConvertibleTests.swift; sourceTree = "<group>"; };
		43C993F91BE3DDF800CF90DD /* Attributed.framework */ = {isa = PBXFileReference; explicitFileType = wrapper.framework; includeInIndex = 0; path = Attributed.framework; sourceTree = BUILT_PRODUCTS_DIR; };
		43C994021BE3DDF900CF90DD /* Attributed-iOSTests.xctest */ = {isa = PBXFileReference; explicitFileType = wrapper.cfbundle; includeInIndex = 0; path = "Attributed-iOSTests.xctest"; sourceTree = BUILT_PRODUCTS_DIR; };
		43D5EA121BFF5FE200E48BD6 /* NSCursor+Attributes.swift */ = {isa = PBXFileReference; fileEncoding = 4; lastKnownFileType = sourcecode.swift; path = "NSCursor+Attributes.swift"; sourceTree = "<group>"; };
		43D5EA141C0026A400E48BD6 /* String+Attributes.swift */ = {isa = PBXFileReference; fileEncoding = 4; lastKnownFileType = sourcecode.swift; path = "String+Attributes.swift"; sourceTree = "<group>"; };
/* End PBXFileReference section */

/* Begin PBXFrameworksBuildPhase section */
		43C993C41BE3B9C700CF90DD /* Frameworks */ = {
			isa = PBXFrameworksBuildPhase;
			buildActionMask = 2147483647;
			files = (
			);
			runOnlyForDeploymentPostprocessing = 0;
		};
		43C993CF1BE3B9C700CF90DD /* Frameworks */ = {
			isa = PBXFrameworksBuildPhase;
			buildActionMask = 2147483647;
			files = (
				43C993D31BE3B9C700CF90DD /* Attributed.framework in Frameworks */,
			);
			runOnlyForDeploymentPostprocessing = 0;
		};
		43C993F51BE3DDF800CF90DD /* Frameworks */ = {
			isa = PBXFrameworksBuildPhase;
			buildActionMask = 2147483647;
			files = (
			);
			runOnlyForDeploymentPostprocessing = 0;
		};
		43C993FF1BE3DDF900CF90DD /* Frameworks */ = {
			isa = PBXFrameworksBuildPhase;
			buildActionMask = 2147483647;
			files = (
				43C994031BE3DDF900CF90DD /* Attributed.framework in Frameworks */,
			);
			runOnlyForDeploymentPostprocessing = 0;
		};
/* End PBXFrameworksBuildPhase section */

/* Begin PBXGroup section */
		43C7522D1BEA51F900F928E5 /* Types */ = {
			isa = PBXGroup;
			children = (
				43C993E61BE3BB0A00CF90DD /* AttributedStringConvertible.swift */,
				43C993EC1BE3C2E800CF90DD /* Ligature.swift */,
				43C993E41BE3BAD300CF90DD /* NestedAttributedString.swift */,
				43C752421BEA699300F928E5 /* NSNumberConvertible.swift */,
				43C993E81BE3BDC000CF90DD /* PlatformTypes.swift */,
				43C993CD1BE3B9C700CF90DD /* Info.plist */,
			);
			name = Types;
			sourceTree = "<group>";
		};
		43C7522E1BEA51FE00F928E5 /* Functions */ = {
			isa = PBXGroup;
			children = (
				43C993E21BE3BAA100CF90DD /* Functions.swift */,
			);
			name = Functions;
			sourceTree = "<group>";
		};
		43C7522F1BEA524200F928E5 /* Extensions */ = {
			isa = PBXGroup;
			children = (
				43C752301BEA525100F928E5 /* ColorType+Attributes.swift */,
				43C752361BEA5F0A00F928E5 /* FontType+Attributes.swift */,
				43C7523F1BEA61B000F928E5 /* Ligature+Attributes.swift */,
				43D5EA121BFF5FE200E48BD6 /* NSCursor+Attributes.swift */,
				43C752451BEA6B1400F928E5 /* NSNumberConvertible+Attributes.swift */,
				43C7523C1BEA610A00F928E5 /* NSParagraphStyle+Attributes.swift */,
				434DBBC91BEC3AD000C11F09 /* NSShadow+Attributes.swift */,
				43C752391BEA601900F928E5 /* NSTextAttachment+Attributes.swift */,
				434DBBC71BEC39FA00C11F09 /* NSUnderlineStyle+Attributes.swift */,
				433A9C0D1BECF169009A3919 /* SequenceType+Join.swift */,
				43D5EA141C0026A400E48BD6 /* String+Attributes.swift */,
			);
			name = Extensions;
			sourceTree = "<group>";
		};
		43C993BE1BE3B9C700CF90DD = {
			isa = PBXGroup;
			children = (
				43C993CA1BE3B9C700CF90DD /* Attributed */,
				43C993D61BE3B9C700CF90DD /* AttributedTests */,
				43C993C91BE3B9C700CF90DD /* Products */,
			);
			sourceTree = "<group>";
		};
		43C993C91BE3B9C700CF90DD /* Products */ = {
			isa = PBXGroup;
			children = (
				43C993C81BE3B9C700CF90DD /* Attributed.framework */,
				43C993D21BE3B9C700CF90DD /* Attributed-OSXTests.xctest */,
				43C993F91BE3DDF800CF90DD /* Attributed.framework */,
				43C994021BE3DDF900CF90DD /* Attributed-iOSTests.xctest */,
			);
			name = Products;
			sourceTree = "<group>";
		};
		43C993CA1BE3B9C700CF90DD /* Attributed */ = {
			isa = PBXGroup;
			children = (
				43C993CB1BE3B9C700CF90DD /* Attributed.h */,
				43C7522F1BEA524200F928E5 /* Extensions */,
				43C7522E1BEA51FE00F928E5 /* Functions */,
				43C7522D1BEA51F900F928E5 /* Types */,
			);
			path = Attributed;
			sourceTree = "<group>";
		};
		43C993D61BE3B9C700CF90DD /* AttributedTests */ = {
			isa = PBXGroup;
			children = (
				43C993D71BE3B9C700CF90DD /* AttributedTests.swift */,
				43C993F01BE3C9CE00CF90DD /* AttributedStringConvertibleTests.swift */,
				43C993D91BE3B9C700CF90DD /* Info.plist */,
			);
			path = AttributedTests;
			sourceTree = SOURCE_ROOT;
		};
/* End PBXGroup section */

/* Begin PBXHeadersBuildPhase section */
		43C993C51BE3B9C700CF90DD /* Headers */ = {
			isa = PBXHeadersBuildPhase;
			buildActionMask = 2147483647;
			files = (
				43C993CC1BE3B9C700CF90DD /* Attributed.h in Headers */,
			);
			runOnlyForDeploymentPostprocessing = 0;
		};
		43C993F61BE3DDF800CF90DD /* Headers */ = {
			isa = PBXHeadersBuildPhase;
			buildActionMask = 2147483647;
			files = (
			);
			runOnlyForDeploymentPostprocessing = 0;
		};
/* End PBXHeadersBuildPhase section */

/* Begin PBXNativeTarget section */
		43C993C71BE3B9C700CF90DD /* Attributed-OSX */ = {
			isa = PBXNativeTarget;
			buildConfigurationList = 43C993DC1BE3B9C700CF90DD /* Build configuration list for PBXNativeTarget "Attributed-OSX" */;
			buildPhases = (
				43C993C31BE3B9C700CF90DD /* Sources */,
				43C993C41BE3B9C700CF90DD /* Frameworks */,
				43C993C51BE3B9C700CF90DD /* Headers */,
				43C993C61BE3B9C700CF90DD /* Resources */,
			);
			buildRules = (
			);
			dependencies = (
			);
			name = "Attributed-OSX";
			productName = Attributed;
			productReference = 43C993C81BE3B9C700CF90DD /* Attributed.framework */;
			productType = "com.apple.product-type.framework";
		};
		43C993D11BE3B9C700CF90DD /* Attributed-OSXTests */ = {
			isa = PBXNativeTarget;
			buildConfigurationList = 43C993DF1BE3B9C700CF90DD /* Build configuration list for PBXNativeTarget "Attributed-OSXTests" */;
			buildPhases = (
				43C993CE1BE3B9C700CF90DD /* Sources */,
				43C993CF1BE3B9C700CF90DD /* Frameworks */,
				43C993D01BE3B9C700CF90DD /* Resources */,
			);
			buildRules = (
			);
			dependencies = (
				43C993D51BE3B9C700CF90DD /* PBXTargetDependency */,
			);
			name = "Attributed-OSXTests";
			productName = AttributedTests;
			productReference = 43C993D21BE3B9C700CF90DD /* Attributed-OSXTests.xctest */;
			productType = "com.apple.product-type.bundle.unit-test";
		};
		43C993F81BE3DDF800CF90DD /* Attributed-iOS */ = {
			isa = PBXNativeTarget;
			buildConfigurationList = 43C9940A1BE3DDF900CF90DD /* Build configuration list for PBXNativeTarget "Attributed-iOS" */;
			buildPhases = (
				43C993F41BE3DDF800CF90DD /* Sources */,
				43C993F51BE3DDF800CF90DD /* Frameworks */,
				43C993F61BE3DDF800CF90DD /* Headers */,
				43C993F71BE3DDF800CF90DD /* Resources */,
			);
			buildRules = (
			);
			dependencies = (
			);
			name = "Attributed-iOS";
			productName = Attributed;
			productReference = 43C993F91BE3DDF800CF90DD /* Attributed.framework */;
			productType = "com.apple.product-type.framework";
		};
		43C994011BE3DDF900CF90DD /* Attributed-iOSTests */ = {
			isa = PBXNativeTarget;
			buildConfigurationList = 43C9940D1BE3DDF900CF90DD /* Build configuration list for PBXNativeTarget "Attributed-iOSTests" */;
			buildPhases = (
				43C993FE1BE3DDF900CF90DD /* Sources */,
				43C993FF1BE3DDF900CF90DD /* Frameworks */,
				43C994001BE3DDF900CF90DD /* Resources */,
			);
			buildRules = (
			);
			dependencies = (
				43C994051BE3DDF900CF90DD /* PBXTargetDependency */,
			);
			name = "Attributed-iOSTests";
			productName = AttributedTests;
			productReference = 43C994021BE3DDF900CF90DD /* Attributed-iOSTests.xctest */;
			productType = "com.apple.product-type.bundle.unit-test";
		};
/* End PBXNativeTarget section */

/* Begin PBXProject section */
		43C993BF1BE3B9C700CF90DD /* Project object */ = {
			isa = PBXProject;
			attributes = {
				LastSwiftUpdateCheck = 0710;
				LastUpgradeCheck = 0710;
				ORGANIZATIONNAME = "Nate Stedman";
				TargetAttributes = {
					43C993C71BE3B9C700CF90DD = {
						CreatedOnToolsVersion = 7.1;
					};
					43C993D11BE3B9C700CF90DD = {
						CreatedOnToolsVersion = 7.1;
					};
					43C993F81BE3DDF800CF90DD = {
						CreatedOnToolsVersion = 7.1;
					};
					43C994011BE3DDF900CF90DD = {
						CreatedOnToolsVersion = 7.1;
					};
				};
			};
			buildConfigurationList = 43C993C21BE3B9C700CF90DD /* Build configuration list for PBXProject "Attributed" */;
			compatibilityVersion = "Xcode 3.2";
			developmentRegion = English;
			hasScannedForEncodings = 0;
			knownRegions = (
				en,
			);
			mainGroup = 43C993BE1BE3B9C700CF90DD;
			productRefGroup = 43C993C91BE3B9C700CF90DD /* Products */;
			projectDirPath = "";
			projectRoot = "";
			targets = (
				43C993C71BE3B9C700CF90DD /* Attributed-OSX */,
				43C993D11BE3B9C700CF90DD /* Attributed-OSXTests */,
				43C993F81BE3DDF800CF90DD /* Attributed-iOS */,
				43C994011BE3DDF900CF90DD /* Attributed-iOSTests */,
			);
		};
/* End PBXProject section */

/* Begin PBXResourcesBuildPhase section */
		43C993C61BE3B9C700CF90DD /* Resources */ = {
			isa = PBXResourcesBuildPhase;
			buildActionMask = 2147483647;
			files = (
			);
			runOnlyForDeploymentPostprocessing = 0;
		};
		43C993D01BE3B9C700CF90DD /* Resources */ = {
			isa = PBXResourcesBuildPhase;
			buildActionMask = 2147483647;
			files = (
			);
			runOnlyForDeploymentPostprocessing = 0;
		};
		43C993F71BE3DDF800CF90DD /* Resources */ = {
			isa = PBXResourcesBuildPhase;
			buildActionMask = 2147483647;
			files = (
			);
			runOnlyForDeploymentPostprocessing = 0;
		};
		43C994001BE3DDF900CF90DD /* Resources */ = {
			isa = PBXResourcesBuildPhase;
			buildActionMask = 2147483647;
			files = (
			);
			runOnlyForDeploymentPostprocessing = 0;
		};
/* End PBXResourcesBuildPhase section */

/* Begin PBXSourcesBuildPhase section */
		43C993C31BE3B9C700CF90DD /* Sources */ = {
			isa = PBXSourcesBuildPhase;
			buildActionMask = 2147483647;
			files = (
				433A9C0E1BECF169009A3919 /* SequenceType+Join.swift in Sources */,
				43C993E91BE3BDC000CF90DD /* PlatformTypes.swift in Sources */,
				434DBBCA1BEC3AD000C11F09 /* NSShadow+Attributes.swift in Sources */,
				43C752401BEA61B000F928E5 /* Ligature+Attributes.swift in Sources */,
				43C993E51BE3BAD300CF90DD /* NestedAttributedString.swift in Sources */,
				43D5EA131BFF5FE200E48BD6 /* NSCursor+Attributes.swift in Sources */,
				434DBBC81BEC39FA00C11F09 /* NSUnderlineStyle+Attributes.swift in Sources */,
				43C7523D1BEA610A00F928E5 /* NSParagraphStyle+Attributes.swift in Sources */,
				43C993E31BE3BAA100CF90DD /* Functions.swift in Sources */,
				43C993ED1BE3C2E800CF90DD /* Ligature.swift in Sources */,
				43C752311BEA525100F928E5 /* ColorType+Attributes.swift in Sources */,
				43D5EA151C0026A400E48BD6 /* String+Attributes.swift in Sources */,
				43C993E71BE3BB0B00CF90DD /* AttributedStringConvertible.swift in Sources */,
				43C752371BEA5F0A00F928E5 /* FontType+Attributes.swift in Sources */,
				43C7523A1BEA601900F928E5 /* NSTextAttachment+Attributes.swift in Sources */,
				43C752461BEA6B1400F928E5 /* NSNumberConvertible+Attributes.swift in Sources */,
				43C752431BEA699300F928E5 /* NSNumberConvertible.swift in Sources */,
			);
			runOnlyForDeploymentPostprocessing = 0;
		};
		43C993CE1BE3B9C700CF90DD /* Sources */ = {
			isa = PBXSourcesBuildPhase;
			buildActionMask = 2147483647;
			files = (
				43C993D81BE3B9C700CF90DD /* AttributedTests.swift in Sources */,
				43C993F11BE3C9CE00CF90DD /* AttributedStringConvertibleTests.swift in Sources */,
			);
			runOnlyForDeploymentPostprocessing = 0;
		};
		43C993F41BE3DDF800CF90DD /* Sources */ = {
			isa = PBXSourcesBuildPhase;
			buildActionMask = 2147483647;
			files = (
				433A9C0F1BECF169009A3919 /* SequenceType+Join.swift in Sources */,
				434DBBCC1BEC3AD400C11F09 /* NSUnderlineStyle+Attributes.swift in Sources */,
				43C994131BE3DE8900CF90DD /* Functions.swift in Sources */,
				43C752411BEA61B000F928E5 /* Ligature+Attributes.swift in Sources */,
				43C994111BE3DE8900CF90DD /* AttributedStringConvertible.swift in Sources */,
				43C7523E1BEA610A00F928E5 /* NSParagraphStyle+Attributes.swift in Sources */,
				43C994101BE3DE8900CF90DD /* Ligature.swift in Sources */,
				434DBBCB1BEC3AD000C11F09 /* NSShadow+Attributes.swift in Sources */,
				43C994141BE3DE8900CF90DD /* NestedAttributedString.swift in Sources */,
				43C994151BE3DE8900CF90DD /* PlatformTypes.swift in Sources */,
				43C752321BEA525100F928E5 /* ColorType+Attributes.swift in Sources */,
				43C752381BEA5F0A00F928E5 /* FontType+Attributes.swift in Sources */,
				43C7523B1BEA601900F928E5 /* NSTextAttachment+Attributes.swift in Sources */,
				43C752471BEA6B1400F928E5 /* NSNumberConvertible+Attributes.swift in Sources */,
				43C752441BEA699300F928E5 /* NSNumberConvertible.swift in Sources */,
			);
			runOnlyForDeploymentPostprocessing = 0;
		};
		43C993FE1BE3DDF900CF90DD /* Sources */ = {
			isa = PBXSourcesBuildPhase;
			buildActionMask = 2147483647;
			files = (
				43C994161BE3DE8E00CF90DD /* AttributedStringConvertibleTests.swift in Sources */,
				43CDB1E41BE3FE6800440B11 /* AttributedTests.swift in Sources */,
			);
			runOnlyForDeploymentPostprocessing = 0;
		};
/* End PBXSourcesBuildPhase section */

/* Begin PBXTargetDependency section */
		43C993D51BE3B9C700CF90DD /* PBXTargetDependency */ = {
			isa = PBXTargetDependency;
			target = 43C993C71BE3B9C700CF90DD /* Attributed-OSX */;
			targetProxy = 43C993D41BE3B9C700CF90DD /* PBXContainerItemProxy */;
		};
		43C994051BE3DDF900CF90DD /* PBXTargetDependency */ = {
			isa = PBXTargetDependency;
			target = 43C993F81BE3DDF800CF90DD /* Attributed-iOS */;
			targetProxy = 43C994041BE3DDF900CF90DD /* PBXContainerItemProxy */;
		};
/* End PBXTargetDependency section */

/* Begin XCBuildConfiguration section */
		43C993DA1BE3B9C700CF90DD /* Debug */ = {
			isa = XCBuildConfiguration;
			buildSettings = {
				ALWAYS_SEARCH_USER_PATHS = NO;
				CLANG_CXX_LANGUAGE_STANDARD = "gnu++0x";
				CLANG_CXX_LIBRARY = "libc++";
				CLANG_ENABLE_MODULES = YES;
				CLANG_ENABLE_OBJC_ARC = YES;
				CLANG_WARN_BOOL_CONVERSION = YES;
				CLANG_WARN_CONSTANT_CONVERSION = YES;
				CLANG_WARN_DIRECT_OBJC_ISA_USAGE = YES_ERROR;
				CLANG_WARN_EMPTY_BODY = YES;
				CLANG_WARN_ENUM_CONVERSION = YES;
				CLANG_WARN_INT_CONVERSION = YES;
				CLANG_WARN_OBJC_ROOT_CLASS = YES_ERROR;
				CLANG_WARN_UNREACHABLE_CODE = YES;
				CLANG_WARN__DUPLICATE_METHOD_MATCH = YES;
				CODE_SIGN_IDENTITY = "-";
				COPY_PHASE_STRIP = NO;
				CURRENT_PROJECT_VERSION = 1;
				DEBUG_INFORMATION_FORMAT = dwarf;
				ENABLE_STRICT_OBJC_MSGSEND = YES;
				ENABLE_TESTABILITY = YES;
				GCC_C_LANGUAGE_STANDARD = gnu99;
				GCC_DYNAMIC_NO_PIC = NO;
				GCC_NO_COMMON_BLOCKS = YES;
				GCC_OPTIMIZATION_LEVEL = 0;
				GCC_PREPROCESSOR_DEFINITIONS = (
					"DEBUG=1",
					"$(inherited)",
				);
				GCC_WARN_64_TO_32_BIT_CONVERSION = YES;
				GCC_WARN_ABOUT_RETURN_TYPE = YES_ERROR;
				GCC_WARN_UNDECLARED_SELECTOR = YES;
				GCC_WARN_UNINITIALIZED_AUTOS = YES_AGGRESSIVE;
				GCC_WARN_UNUSED_FUNCTION = YES;
				GCC_WARN_UNUSED_VARIABLE = YES;
				MACOSX_DEPLOYMENT_TARGET = 10.11;
				MTL_ENABLE_DEBUG_INFO = YES;
				ONLY_ACTIVE_ARCH = YES;
				SDKROOT = macosx;
				SWIFT_OPTIMIZATION_LEVEL = "-Onone";
				VERSIONING_SYSTEM = "apple-generic";
				VERSION_INFO_PREFIX = "";
			};
			name = Debug;
		};
		43C993DB1BE3B9C700CF90DD /* Release */ = {
			isa = XCBuildConfiguration;
			buildSettings = {
				ALWAYS_SEARCH_USER_PATHS = NO;
				CLANG_CXX_LANGUAGE_STANDARD = "gnu++0x";
				CLANG_CXX_LIBRARY = "libc++";
				CLANG_ENABLE_MODULES = YES;
				CLANG_ENABLE_OBJC_ARC = YES;
				CLANG_WARN_BOOL_CONVERSION = YES;
				CLANG_WARN_CONSTANT_CONVERSION = YES;
				CLANG_WARN_DIRECT_OBJC_ISA_USAGE = YES_ERROR;
				CLANG_WARN_EMPTY_BODY = YES;
				CLANG_WARN_ENUM_CONVERSION = YES;
				CLANG_WARN_INT_CONVERSION = YES;
				CLANG_WARN_OBJC_ROOT_CLASS = YES_ERROR;
				CLANG_WARN_UNREACHABLE_CODE = YES;
				CLANG_WARN__DUPLICATE_METHOD_MATCH = YES;
				CODE_SIGN_IDENTITY = "-";
				COPY_PHASE_STRIP = NO;
				CURRENT_PROJECT_VERSION = 1;
				DEBUG_INFORMATION_FORMAT = "dwarf-with-dsym";
				ENABLE_NS_ASSERTIONS = NO;
				ENABLE_STRICT_OBJC_MSGSEND = YES;
				GCC_C_LANGUAGE_STANDARD = gnu99;
				GCC_NO_COMMON_BLOCKS = YES;
				GCC_WARN_64_TO_32_BIT_CONVERSION = YES;
				GCC_WARN_ABOUT_RETURN_TYPE = YES_ERROR;
				GCC_WARN_UNDECLARED_SELECTOR = YES;
				GCC_WARN_UNINITIALIZED_AUTOS = YES_AGGRESSIVE;
				GCC_WARN_UNUSED_FUNCTION = YES;
				GCC_WARN_UNUSED_VARIABLE = YES;
				MACOSX_DEPLOYMENT_TARGET = 10.11;
				MTL_ENABLE_DEBUG_INFO = NO;
				SDKROOT = macosx;
				VERSIONING_SYSTEM = "apple-generic";
				VERSION_INFO_PREFIX = "";
			};
			name = Release;
		};
		43C993DD1BE3B9C700CF90DD /* Debug */ = {
			isa = XCBuildConfiguration;
			buildSettings = {
				CLANG_ENABLE_MODULES = YES;
				CODE_SIGN_IDENTITY = "";
				COMBINE_HIDPI_IMAGES = YES;
				DEFINES_MODULE = YES;
				DYLIB_COMPATIBILITY_VERSION = 1;
				DYLIB_CURRENT_VERSION = 1;
				DYLIB_INSTALL_NAME_BASE = "@rpath";
				FRAMEWORK_VERSION = A;
				INFOPLIST_FILE = Attributed/Info.plist;
				INSTALL_PATH = "$(LOCAL_LIBRARY_DIR)/Frameworks";
				LD_RUNPATH_SEARCH_PATHS = "$(inherited) @executable_path/../Frameworks @loader_path/Frameworks";
				MACOSX_DEPLOYMENT_TARGET = 10.10;
				PRODUCT_BUNDLE_IDENTIFIER = com.natestedman.Attributed;
				PRODUCT_NAME = Attributed;
				SKIP_INSTALL = YES;
				SWIFT_OPTIMIZATION_LEVEL = "-Onone";
			};
			name = Debug;
		};
		43C993DE1BE3B9C700CF90DD /* Release */ = {
			isa = XCBuildConfiguration;
			buildSettings = {
				CLANG_ENABLE_MODULES = YES;
				CODE_SIGN_IDENTITY = "";
				COMBINE_HIDPI_IMAGES = YES;
				DEFINES_MODULE = YES;
				DYLIB_COMPATIBILITY_VERSION = 1;
				DYLIB_CURRENT_VERSION = 1;
				DYLIB_INSTALL_NAME_BASE = "@rpath";
				FRAMEWORK_VERSION = A;
				INFOPLIST_FILE = Attributed/Info.plist;
				INSTALL_PATH = "$(LOCAL_LIBRARY_DIR)/Frameworks";
				LD_RUNPATH_SEARCH_PATHS = "$(inherited) @executable_path/../Frameworks @loader_path/Frameworks";
				MACOSX_DEPLOYMENT_TARGET = 10.10;
				PRODUCT_BUNDLE_IDENTIFIER = com.natestedman.Attributed;
				PRODUCT_NAME = Attributed;
				SKIP_INSTALL = YES;
			};
			name = Release;
		};
		43C993E01BE3B9C700CF90DD /* Debug */ = {
			isa = XCBuildConfiguration;
			buildSettings = {
				COMBINE_HIDPI_IMAGES = YES;
				INFOPLIST_FILE = AttributedTests/Info.plist;
				LD_RUNPATH_SEARCH_PATHS = "$(inherited) @executable_path/../Frameworks @loader_path/../Frameworks";
				PRODUCT_BUNDLE_IDENTIFIER = com.natestedman.AttributedTests;
				PRODUCT_NAME = "$(TARGET_NAME)";
			};
			name = Debug;
		};
		43C993E11BE3B9C700CF90DD /* Release */ = {
			isa = XCBuildConfiguration;
			buildSettings = {
				COMBINE_HIDPI_IMAGES = YES;
				INFOPLIST_FILE = AttributedTests/Info.plist;
				LD_RUNPATH_SEARCH_PATHS = "$(inherited) @executable_path/../Frameworks @loader_path/../Frameworks";
				PRODUCT_BUNDLE_IDENTIFIER = com.natestedman.AttributedTests;
				PRODUCT_NAME = "$(TARGET_NAME)";
			};
			name = Release;
		};
		43C9940B1BE3DDF900CF90DD /* Debug */ = {
			isa = XCBuildConfiguration;
			buildSettings = {
				CODE_SIGN_IDENTITY = "iPhone Developer";
				"CODE_SIGN_IDENTITY[sdk=iphoneos*]" = "iPhone Developer";
				DEFINES_MODULE = YES;
				DYLIB_COMPATIBILITY_VERSION = 1;
				DYLIB_CURRENT_VERSION = 1;
				DYLIB_INSTALL_NAME_BASE = "@rpath";
				INFOPLIST_FILE = Attributed/Info.plist;
				INSTALL_PATH = "$(LOCAL_LIBRARY_DIR)/Frameworks";
				IPHONEOS_DEPLOYMENT_TARGET = 8.0;
				LD_RUNPATH_SEARCH_PATHS = "$(inherited) @executable_path/Frameworks @loader_path/Frameworks";
				PRODUCT_BUNDLE_IDENTIFIER = com.natestedman.Attributed;
				PRODUCT_NAME = Attributed;
				SDKROOT = iphoneos;
				SKIP_INSTALL = YES;
				TARGETED_DEVICE_FAMILY = "1,2";
			};
			name = Debug;
		};
		43C9940C1BE3DDF900CF90DD /* Release */ = {
			isa = XCBuildConfiguration;
			buildSettings = {
				CODE_SIGN_IDENTITY = "iPhone Developer";
				"CODE_SIGN_IDENTITY[sdk=iphoneos*]" = "iPhone Developer";
				DEFINES_MODULE = YES;
				DYLIB_COMPATIBILITY_VERSION = 1;
				DYLIB_CURRENT_VERSION = 1;
				DYLIB_INSTALL_NAME_BASE = "@rpath";
				INFOPLIST_FILE = Attributed/Info.plist;
				INSTALL_PATH = "$(LOCAL_LIBRARY_DIR)/Frameworks";
				IPHONEOS_DEPLOYMENT_TARGET = 8.0;
				LD_RUNPATH_SEARCH_PATHS = "$(inherited) @executable_path/Frameworks @loader_path/Frameworks";
				PRODUCT_BUNDLE_IDENTIFIER = com.natestedman.Attributed;
				PRODUCT_NAME = Attributed;
				SDKROOT = iphoneos;
				SKIP_INSTALL = YES;
				TARGETED_DEVICE_FAMILY = "1,2";
				VALIDATE_PRODUCT = YES;
			};
			name = Release;
		};
		43C9940E1BE3DDF900CF90DD /* Debug */ = {
			isa = XCBuildConfiguration;
			buildSettings = {
				"CODE_SIGN_IDENTITY[sdk=iphoneos*]" = "iPhone Developer";
				INFOPLIST_FILE = AttributedTests/Info.plist;
				IPHONEOS_DEPLOYMENT_TARGET = 9.1;
				LD_RUNPATH_SEARCH_PATHS = "$(inherited) @executable_path/Frameworks @loader_path/Frameworks";
				PRODUCT_BUNDLE_IDENTIFIER = com.natestedman.AttributedTests;
				PRODUCT_NAME = "$(TARGET_NAME)";
				SDKROOT = iphoneos;
			};
			name = Debug;
		};
		43C9940F1BE3DDF900CF90DD /* Release */ = {
			isa = XCBuildConfiguration;
			buildSettings = {
				"CODE_SIGN_IDENTITY[sdk=iphoneos*]" = "iPhone Developer";
				INFOPLIST_FILE = AttributedTests/Info.plist;
				IPHONEOS_DEPLOYMENT_TARGET = 9.1;
				LD_RUNPATH_SEARCH_PATHS = "$(inherited) @executable_path/Frameworks @loader_path/Frameworks";
				PRODUCT_BUNDLE_IDENTIFIER = com.natestedman.AttributedTests;
				PRODUCT_NAME = "$(TARGET_NAME)";
				SDKROOT = iphoneos;
				VALIDATE_PRODUCT = YES;
			};
			name = Release;
		};
/* End XCBuildConfiguration section */

/* Begin XCConfigurationList section */
		43C993C21BE3B9C700CF90DD /* Build configuration list for PBXProject "Attributed" */ = {
			isa = XCConfigurationList;
			buildConfigurations = (
				43C993DA1BE3B9C700CF90DD /* Debug */,
				43C993DB1BE3B9C700CF90DD /* Release */,
			);
			defaultConfigurationIsVisible = 0;
			defaultConfigurationName = Release;
		};
		43C993DC1BE3B9C700CF90DD /* Build configuration list for PBXNativeTarget "Attributed-OSX" */ = {
			isa = XCConfigurationList;
			buildConfigurations = (
				43C993DD1BE3B9C700CF90DD /* Debug */,
				43C993DE1BE3B9C700CF90DD /* Release */,
			);
			defaultConfigurationIsVisible = 0;
			defaultConfigurationName = Release;
		};
		43C993DF1BE3B9C700CF90DD /* Build configuration list for PBXNativeTarget "Attributed-OSXTests" */ = {
			isa = XCConfigurationList;
			buildConfigurations = (
				43C993E01BE3B9C700CF90DD /* Debug */,
				43C993E11BE3B9C700CF90DD /* Release */,
			);
			defaultConfigurationIsVisible = 0;
			defaultConfigurationName = Release;
		};
		43C9940A1BE3DDF900CF90DD /* Build configuration list for PBXNativeTarget "Attributed-iOS" */ = {
			isa = XCConfigurationList;
			buildConfigurations = (
				43C9940B1BE3DDF900CF90DD /* Debug */,
				43C9940C1BE3DDF900CF90DD /* Release */,
			);
			defaultConfigurationIsVisible = 0;
			defaultConfigurationName = Release;
		};
		43C9940D1BE3DDF900CF90DD /* Build configuration list for PBXNativeTarget "Attributed-iOSTests" */ = {
			isa = XCConfigurationList;
			buildConfigurations = (
				43C9940E1BE3DDF900CF90DD /* Debug */,
				43C9940F1BE3DDF900CF90DD /* Release */,
			);
			defaultConfigurationIsVisible = 0;
			defaultConfigurationName = Release;
		};
/* End XCConfigurationList section */
	};
	rootObject = 43C993BF1BE3B9C700CF90DD /* Project object */;
}
